// !$*UTF8*$!
{
	archiveVersion = 1;
	classes = {
	};
	objectVersion = 56;
	objects = {

/* Begin PBXBuildFile section */
		6A0A9AEA2AE8147300E5318E /* Screen.swift in Sources */ = {isa = PBXBuildFile; fileRef = 6A0A9AE92AE8147300E5318E /* Screen.swift */; };
		6A296DEC2AE726B900C906F0 /* MapExtensions.swift in Sources */ = {isa = PBXBuildFile; fileRef = 6A296DEB2AE726B900C906F0 /* MapExtensions.swift */; };
		6A37823E2AF2D3DE006F4772 /* MapInformation.swift in Sources */ = {isa = PBXBuildFile; fileRef = 6A37823D2AF2D3DE006F4772 /* MapInformation.swift */; };
		6A3782402AF2F4E7006F4772 /* SearchManager.swift in Sources */ = {isa = PBXBuildFile; fileRef = 6A37823F2AF2F4E7006F4772 /* SearchManager.swift */; };
		6A5509AC2AE61029005B48F6 /* GoogleService-Info.plist in Resources */ = {isa = PBXBuildFile; fileRef = 6A5509AB2AE61029005B48F6 /* GoogleService-Info.plist */; };
		6A5509AF2AE61080005B48F6 /* FirebaseAnalytics in Frameworks */ = {isa = PBXBuildFile; productRef = 6A5509AE2AE61080005B48F6 /* FirebaseAnalytics */; };
		6A5509B12AE61080005B48F6 /* FirebaseAnalyticsOnDeviceConversion in Frameworks */ = {isa = PBXBuildFile; productRef = 6A5509B02AE61080005B48F6 /* FirebaseAnalyticsOnDeviceConversion */; };
		6A5509B32AE61080005B48F6 /* FirebaseAnalyticsSwift in Frameworks */ = {isa = PBXBuildFile; productRef = 6A5509B22AE61080005B48F6 /* FirebaseAnalyticsSwift */; };
		6A5509B52AE61080005B48F6 /* FirebaseAnalyticsWithoutAdIdSupport in Frameworks */ = {isa = PBXBuildFile; productRef = 6A5509B42AE61080005B48F6 /* FirebaseAnalyticsWithoutAdIdSupport */; };
		6A5509B72AE61080005B48F6 /* FirebaseAppCheck in Frameworks */ = {isa = PBXBuildFile; productRef = 6A5509B62AE61080005B48F6 /* FirebaseAppCheck */; };
		6A5520CF2AE86A3200D11498 /* FeedScreen.swift in Sources */ = {isa = PBXBuildFile; fileRef = 6A5520CE2AE86A3200D11498 /* FeedScreen.swift */; };
		6A5520D12AE86DF400D11498 /* UserInformation.swift in Sources */ = {isa = PBXBuildFile; fileRef = 6A5520D02AE86DF400D11498 /* UserInformation.swift */; };
		6A5A13C12AE1E6EE0041E188 /* PangeaApp.swift in Sources */ = {isa = PBXBuildFile; fileRef = 6A5A13C02AE1E6EE0041E188 /* PangeaApp.swift */; };
		6A5A13C52AE1E6EE0041E188 /* Assets.xcassets in Resources */ = {isa = PBXBuildFile; fileRef = 6A5A13C42AE1E6EE0041E188 /* Assets.xcassets */; };
		6A5A13C82AE1E6EE0041E188 /* Preview Assets.xcassets in Resources */ = {isa = PBXBuildFile; fileRef = 6A5A13C72AE1E6EE0041E188 /* Preview Assets.xcassets */; };
		6A5A13D12AE1E7130041E188 /* PostScreen.swift in Sources */ = {isa = PBXBuildFile; fileRef = 6A5A13D02AE1E7130041E188 /* PostScreen.swift */; };
		6A5A13D72AE1E80D0041E188 /* PostViewModel.swift in Sources */ = {isa = PBXBuildFile; fileRef = 6A5A13D62AE1E80D0041E188 /* PostViewModel.swift */; };
		6A5A13D92AE1E8220041E188 /* SignUpView.swift in Sources */ = {isa = PBXBuildFile; fileRef = 6A5A13D82AE1E8220041E188 /* SignUpView.swift */; };
		6A5A13DB2AE1E87E0041E188 /* ViewExtensions.swift in Sources */ = {isa = PBXBuildFile; fileRef = 6A5A13DA2AE1E87E0041E188 /* ViewExtensions.swift */; };
		6A5A13DF2AE1E8B20041E188 /* FontManager.swift in Sources */ = {isa = PBXBuildFile; fileRef = 6A5A13DE2AE1E8B20041E188 /* FontManager.swift */; };
		6A7064932AE9B00C00B3A2E6 /* MapScreen.swift in Sources */ = {isa = PBXBuildFile; fileRef = 6A7064922AE9B00C00B3A2E6 /* MapScreen.swift */; };
		6A7064952AE9B18F00B3A2E6 /* LocationManager.swift in Sources */ = {isa = PBXBuildFile; fileRef = 6A7064942AE9B18F00B3A2E6 /* LocationManager.swift */; };
		6A7FF6522AF1917400D10D9B /* LocationInformation.swift in Sources */ = {isa = PBXBuildFile; fileRef = 6A7FF6512AF1917400D10D9B /* LocationInformation.swift */; };
		6A7FF6542AF191C600D10D9B /* LocationView.swift in Sources */ = {isa = PBXBuildFile; fileRef = 6A7FF6532AF191C500D10D9B /* LocationView.swift */; };
		6A7FF6562AF192ED00D10D9B /* PangeaView.swift in Sources */ = {isa = PBXBuildFile; fileRef = 6A7FF6552AF192ED00D10D9B /* PangeaView.swift */; };
		6A7FF6582AF193BA00D10D9B /* MapItemView.swift in Sources */ = {isa = PBXBuildFile; fileRef = 6A7FF6572AF193BA00D10D9B /* MapItemView.swift */; };
		6A98A1462AEAF81A0016736E /* NavigationRouter in Frameworks */ = {isa = PBXBuildFile; productRef = 6A98A1452AEAF81A0016736E /* NavigationRouter */; };
		6AB302172AE611410036DB06 /* User.swift in Sources */ = {isa = PBXBuildFile; fileRef = 6AB302162AE611410036DB06 /* User.swift */; };
		6AB3021A2AE611730036DB06 /* FirebaseAuth in Frameworks */ = {isa = PBXBuildFile; productRef = 6AB302192AE611730036DB06 /* FirebaseAuth */; };
		6AB3021C2AE611C00036DB06 /* SignInView.swift in Sources */ = {isa = PBXBuildFile; fileRef = 6AB3021B2AE611C00036DB06 /* SignInView.swift */; };
		6AB3021E2AE612060036DB06 /* AuthenticationViewModel.swift in Sources */ = {isa = PBXBuildFile; fileRef = 6AB3021D2AE612060036DB06 /* AuthenticationViewModel.swift */; };
		6AB302202AE614AA0036DB06 /* UserManager.swift in Sources */ = {isa = PBXBuildFile; fileRef = 6AB3021F2AE614AA0036DB06 /* UserManager.swift */; };
		6AB302222AE614E60036DB06 /* FirebaseFirestore in Frameworks */ = {isa = PBXBuildFile; productRef = 6AB302212AE614E60036DB06 /* FirebaseFirestore */; };
		6AB302242AE614E60036DB06 /* FirebaseFirestoreSwift in Frameworks */ = {isa = PBXBuildFile; productRef = 6AB302232AE614E60036DB06 /* FirebaseFirestoreSwift */; };
		6AB302262AE614F00036DB06 /* FirebaseStorage in Frameworks */ = {isa = PBXBuildFile; productRef = 6AB302252AE614F00036DB06 /* FirebaseStorage */; };
		6AB302292AE616760036DB06 /* Post.swift in Sources */ = {isa = PBXBuildFile; fileRef = 6AB302282AE616760036DB06 /* Post.swift */; };
		6AB3022B2AE616980036DB06 /* PostManager.swift in Sources */ = {isa = PBXBuildFile; fileRef = 6AB3022A2AE616980036DB06 /* PostManager.swift */; };
		6AB302302AE617860036DB06 /* ImageManager.swift in Sources */ = {isa = PBXBuildFile; fileRef = 6AB3022F2AE617860036DB06 /* ImageManager.swift */; };
		6AB302332AE617A50036DB06 /* Kingfisher in Frameworks */ = {isa = PBXBuildFile; productRef = 6AB302322AE617A50036DB06 /* Kingfisher */; };
		6AB302352AE617B90036DB06 /* ProfileImageManager.swift in Sources */ = {isa = PBXBuildFile; fileRef = 6AB302342AE617B90036DB06 /* ProfileImageManager.swift */; };
		6AB302372AE618290036DB06 /* PostItemViewModel.swift in Sources */ = {isa = PBXBuildFile; fileRef = 6AB302362AE618290036DB06 /* PostItemViewModel.swift */; };
		6AB3023B2AE618DD0036DB06 /* CameraManager.swift in Sources */ = {isa = PBXBuildFile; fileRef = 6AB3023A2AE618DD0036DB06 /* CameraManager.swift */; };
		6AB3023F2AE61DC10036DB06 /* FeedViewModel.swift in Sources */ = {isa = PBXBuildFile; fileRef = 6AB3023E2AE61DC10036DB06 /* FeedViewModel.swift */; };
		6AB302412AE61DED0036DB06 /* EditUserViewModel.swift in Sources */ = {isa = PBXBuildFile; fileRef = 6AB302402AE61DED0036DB06 /* EditUserViewModel.swift */; };
		6AB302472AE626C00036DB06 /* EditScreen.swift in Sources */ = {isa = PBXBuildFile; fileRef = 6AB302462AE626C00036DB06 /* EditScreen.swift */; };
		6AB302492AE628660036DB06 /* PostItemView.swift in Sources */ = {isa = PBXBuildFile; fileRef = 6AB302482AE628660036DB06 /* PostItemView.swift */; };
		6AB3024B2AE62A050036DB06 /* MapManager.swift in Sources */ = {isa = PBXBuildFile; fileRef = 6AB3024A2AE62A050036DB06 /* MapManager.swift */; };
		6AB3024D2AE635600036DB06 /* 5curvo.ttf in Resources */ = {isa = PBXBuildFile; fileRef = 6AB3024C2AE635600036DB06 /* 5curvo.ttf */; };
		6AB3024F2AE635720036DB06 /* 13_Misa.TTF in Resources */ = {isa = PBXBuildFile; fileRef = 6AB3024E2AE635720036DB06 /* 13_Misa.TTF */; };
		6AB302512AE635910036DB06 /* Abuela Grillo.ttf in Resources */ = {isa = PBXBuildFile; fileRef = 6AB302502AE635910036DB06 /* Abuela Grillo.ttf */; };
		6AB302532AE635A70036DB06 /* almonte.otf in Resources */ = {isa = PBXBuildFile; fileRef = 6AB302522AE635A70036DB06 /* almonte.otf */; };
		6AB302552AE635CA0036DB06 /* Aerobics.ttf in Resources */ = {isa = PBXBuildFile; fileRef = 6AB302542AE635CA0036DB06 /* Aerobics.ttf */; };
		6AB302572AE635DE0036DB06 /* arnprior.otf in Resources */ = {isa = PBXBuildFile; fileRef = 6AB302562AE635DE0036DB06 /* arnprior.otf */; };
		6AB302592AE636200036DB06 /* Goolangola-Light.otf in Resources */ = {isa = PBXBuildFile; fileRef = 6AB302582AE636200036DB06 /* Goolangola-Light.otf */; };
		6AB3025B2AE6362A0036DB06 /* Goolangola-Bold.otf in Resources */ = {isa = PBXBuildFile; fileRef = 6AB3025A2AE6362A0036DB06 /* Goolangola-Bold.otf */; };
		6AB3025D2AE636740036DB06 /* pallini.ttf in Resources */ = {isa = PBXBuildFile; fileRef = 6AB3025C2AE636730036DB06 /* pallini.ttf */; };
		6AB3025F2AE636A10036DB06 /* Orbitronio.ttf in Resources */ = {isa = PBXBuildFile; fileRef = 6AB3025E2AE636A10036DB06 /* Orbitronio.ttf */; };
		6AB302612AE636BF0036DB06 /* Trag.ttf in Resources */ = {isa = PBXBuildFile; fileRef = 6AB302602AE636BF0036DB06 /* Trag.ttf */; };
		6AB302632AE636D70036DB06 /* Views.ttf in Resources */ = {isa = PBXBuildFile; fileRef = 6AB302622AE636D70036DB06 /* Views.ttf */; };
		6AB302652AE69CCC0036DB06 /* FeedView.swift in Sources */ = {isa = PBXBuildFile; fileRef = 6AB302642AE69CCC0036DB06 /* FeedView.swift */; };
		6AB302672AE69D4F0036DB06 /* SearchViewModel.swift in Sources */ = {isa = PBXBuildFile; fileRef = 6AB302662AE69D4F0036DB06 /* SearchViewModel.swift */; };
		6AB302692AE69D650036DB06 /* SearchScreen.swift in Sources */ = {isa = PBXBuildFile; fileRef = 6AB302682AE69D650036DB06 /* SearchScreen.swift */; };
/* End PBXBuildFile section */

/* Begin PBXFileReference section */
		6A0A9AE92AE8147300E5318E /* Screen.swift */ = {isa = PBXFileReference; lastKnownFileType = sourcecode.swift; path = Screen.swift; sourceTree = "<group>"; };
		6A296DEB2AE726B900C906F0 /* MapExtensions.swift */ = {isa = PBXFileReference; lastKnownFileType = sourcecode.swift; path = MapExtensions.swift; sourceTree = "<group>"; };
		6A37823D2AF2D3DE006F4772 /* MapInformation.swift */ = {isa = PBXFileReference; lastKnownFileType = sourcecode.swift; path = MapInformation.swift; sourceTree = "<group>"; };
		6A37823F2AF2F4E7006F4772 /* SearchManager.swift */ = {isa = PBXFileReference; lastKnownFileType = sourcecode.swift; path = SearchManager.swift; sourceTree = "<group>"; };
		6A5509AB2AE61029005B48F6 /* GoogleService-Info.plist */ = {isa = PBXFileReference; fileEncoding = 4; lastKnownFileType = text.plist.xml; path = "GoogleService-Info.plist"; sourceTree = "<group>"; };
		6A5520CE2AE86A3200D11498 /* FeedScreen.swift */ = {isa = PBXFileReference; lastKnownFileType = sourcecode.swift; path = FeedScreen.swift; sourceTree = "<group>"; };
		6A5520D02AE86DF400D11498 /* UserInformation.swift */ = {isa = PBXFileReference; lastKnownFileType = sourcecode.swift; path = UserInformation.swift; sourceTree = "<group>"; };
		6A5A13BD2AE1E6EE0041E188 /* Pangea.app */ = {isa = PBXFileReference; explicitFileType = wrapper.application; includeInIndex = 0; path = Pangea.app; sourceTree = BUILT_PRODUCTS_DIR; };
		6A5A13C02AE1E6EE0041E188 /* PangeaApp.swift */ = {isa = PBXFileReference; lastKnownFileType = sourcecode.swift; path = PangeaApp.swift; sourceTree = "<group>"; };
		6A5A13C42AE1E6EE0041E188 /* Assets.xcassets */ = {isa = PBXFileReference; lastKnownFileType = folder.assetcatalog; path = Assets.xcassets; sourceTree = "<group>"; };
		6A5A13C72AE1E6EE0041E188 /* Preview Assets.xcassets */ = {isa = PBXFileReference; lastKnownFileType = folder.assetcatalog; path = "Preview Assets.xcassets"; sourceTree = "<group>"; };
		6A5A13D02AE1E7130041E188 /* PostScreen.swift */ = {isa = PBXFileReference; lastKnownFileType = sourcecode.swift; path = PostScreen.swift; sourceTree = "<group>"; };
		6A5A13D62AE1E80D0041E188 /* PostViewModel.swift */ = {isa = PBXFileReference; lastKnownFileType = sourcecode.swift; path = PostViewModel.swift; sourceTree = "<group>"; };
		6A5A13D82AE1E8220041E188 /* SignUpView.swift */ = {isa = PBXFileReference; lastKnownFileType = sourcecode.swift; path = SignUpView.swift; sourceTree = "<group>"; };
		6A5A13DA2AE1E87E0041E188 /* ViewExtensions.swift */ = {isa = PBXFileReference; lastKnownFileType = sourcecode.swift; path = ViewExtensions.swift; sourceTree = "<group>"; };
		6A5A13DE2AE1E8B20041E188 /* FontManager.swift */ = {isa = PBXFileReference; lastKnownFileType = sourcecode.swift; path = FontManager.swift; sourceTree = "<group>"; };
		6A7064912AE9939200B3A2E6 /* Info.plist */ = {isa = PBXFileReference; lastKnownFileType = text.plist; path = Info.plist; sourceTree = "<group>"; };
		6A7064922AE9B00C00B3A2E6 /* MapScreen.swift */ = {isa = PBXFileReference; lastKnownFileType = sourcecode.swift; path = MapScreen.swift; sourceTree = "<group>"; };
		6A7064942AE9B18F00B3A2E6 /* LocationManager.swift */ = {isa = PBXFileReference; lastKnownFileType = sourcecode.swift; path = LocationManager.swift; sourceTree = "<group>"; };
		6A7FF6512AF1917400D10D9B /* LocationInformation.swift */ = {isa = PBXFileReference; lastKnownFileType = sourcecode.swift; path = LocationInformation.swift; sourceTree = "<group>"; };
		6A7FF6532AF191C500D10D9B /* LocationView.swift */ = {isa = PBXFileReference; lastKnownFileType = sourcecode.swift; path = LocationView.swift; sourceTree = "<group>"; };
		6A7FF6552AF192ED00D10D9B /* PangeaView.swift */ = {isa = PBXFileReference; lastKnownFileType = sourcecode.swift; path = PangeaView.swift; sourceTree = "<group>"; };
		6A7FF6572AF193BA00D10D9B /* MapItemView.swift */ = {isa = PBXFileReference; lastKnownFileType = sourcecode.swift; path = MapItemView.swift; sourceTree = "<group>"; };
		6AB302162AE611410036DB06 /* User.swift */ = {isa = PBXFileReference; lastKnownFileType = sourcecode.swift; path = User.swift; sourceTree = "<group>"; };
		6AB3021B2AE611C00036DB06 /* SignInView.swift */ = {isa = PBXFileReference; lastKnownFileType = sourcecode.swift; path = SignInView.swift; sourceTree = "<group>"; };
		6AB3021D2AE612060036DB06 /* AuthenticationViewModel.swift */ = {isa = PBXFileReference; lastKnownFileType = sourcecode.swift; path = AuthenticationViewModel.swift; sourceTree = "<group>"; };
		6AB3021F2AE614AA0036DB06 /* UserManager.swift */ = {isa = PBXFileReference; lastKnownFileType = sourcecode.swift; path = UserManager.swift; sourceTree = "<group>"; };
		6AB302282AE616760036DB06 /* Post.swift */ = {isa = PBXFileReference; lastKnownFileType = sourcecode.swift; path = Post.swift; sourceTree = "<group>"; };
		6AB3022A2AE616980036DB06 /* PostManager.swift */ = {isa = PBXFileReference; lastKnownFileType = sourcecode.swift; path = PostManager.swift; sourceTree = "<group>"; };
		6AB3022F2AE617860036DB06 /* ImageManager.swift */ = {isa = PBXFileReference; lastKnownFileType = sourcecode.swift; path = ImageManager.swift; sourceTree = "<group>"; };
		6AB302342AE617B90036DB06 /* ProfileImageManager.swift */ = {isa = PBXFileReference; lastKnownFileType = sourcecode.swift; path = ProfileImageManager.swift; sourceTree = "<group>"; };
		6AB302362AE618290036DB06 /* PostItemViewModel.swift */ = {isa = PBXFileReference; lastKnownFileType = sourcecode.swift; path = PostItemViewModel.swift; sourceTree = "<group>"; };
		6AB3023A2AE618DD0036DB06 /* CameraManager.swift */ = {isa = PBXFileReference; lastKnownFileType = sourcecode.swift; path = CameraManager.swift; sourceTree = "<group>"; };
		6AB3023E2AE61DC10036DB06 /* FeedViewModel.swift */ = {isa = PBXFileReference; lastKnownFileType = sourcecode.swift; path = FeedViewModel.swift; sourceTree = "<group>"; };
		6AB302402AE61DED0036DB06 /* EditUserViewModel.swift */ = {isa = PBXFileReference; lastKnownFileType = sourcecode.swift; path = EditUserViewModel.swift; sourceTree = "<group>"; };
		6AB302462AE626C00036DB06 /* EditScreen.swift */ = {isa = PBXFileReference; lastKnownFileType = sourcecode.swift; path = EditScreen.swift; sourceTree = "<group>"; };
		6AB302482AE628660036DB06 /* PostItemView.swift */ = {isa = PBXFileReference; lastKnownFileType = sourcecode.swift; path = PostItemView.swift; sourceTree = "<group>"; };
		6AB3024A2AE62A050036DB06 /* MapManager.swift */ = {isa = PBXFileReference; lastKnownFileType = sourcecode.swift; path = MapManager.swift; sourceTree = "<group>"; };
		6AB3024C2AE635600036DB06 /* 5curvo.ttf */ = {isa = PBXFileReference; lastKnownFileType = file; path = 5curvo.ttf; sourceTree = "<group>"; };
		6AB3024E2AE635720036DB06 /* 13_Misa.TTF */ = {isa = PBXFileReference; lastKnownFileType = file; path = 13_Misa.TTF; sourceTree = "<group>"; };
		6AB302502AE635910036DB06 /* Abuela Grillo.ttf */ = {isa = PBXFileReference; lastKnownFileType = file; path = "Abuela Grillo.ttf"; sourceTree = "<group>"; };
		6AB302522AE635A70036DB06 /* almonte.otf */ = {isa = PBXFileReference; lastKnownFileType = file; path = almonte.otf; sourceTree = "<group>"; };
		6AB302542AE635CA0036DB06 /* Aerobics.ttf */ = {isa = PBXFileReference; lastKnownFileType = file; path = Aerobics.ttf; sourceTree = "<group>"; };
		6AB302562AE635DE0036DB06 /* arnprior.otf */ = {isa = PBXFileReference; lastKnownFileType = file; path = arnprior.otf; sourceTree = "<group>"; };
		6AB302582AE636200036DB06 /* Goolangola-Light.otf */ = {isa = PBXFileReference; lastKnownFileType = file; path = "Goolangola-Light.otf"; sourceTree = "<group>"; };
		6AB3025A2AE6362A0036DB06 /* Goolangola-Bold.otf */ = {isa = PBXFileReference; lastKnownFileType = file; path = "Goolangola-Bold.otf"; sourceTree = "<group>"; };
		6AB3025C2AE636730036DB06 /* pallini.ttf */ = {isa = PBXFileReference; lastKnownFileType = file; path = pallini.ttf; sourceTree = "<group>"; };
		6AB3025E2AE636A10036DB06 /* Orbitronio.ttf */ = {isa = PBXFileReference; lastKnownFileType = file; path = Orbitronio.ttf; sourceTree = "<group>"; };
		6AB302602AE636BF0036DB06 /* Trag.ttf */ = {isa = PBXFileReference; lastKnownFileType = file; path = Trag.ttf; sourceTree = "<group>"; };
		6AB302622AE636D70036DB06 /* Views.ttf */ = {isa = PBXFileReference; lastKnownFileType = file; path = Views.ttf; sourceTree = "<group>"; };
		6AB302642AE69CCC0036DB06 /* FeedView.swift */ = {isa = PBXFileReference; lastKnownFileType = sourcecode.swift; path = FeedView.swift; sourceTree = "<group>"; };
		6AB302662AE69D4F0036DB06 /* SearchViewModel.swift */ = {isa = PBXFileReference; lastKnownFileType = sourcecode.swift; path = SearchViewModel.swift; sourceTree = "<group>"; };
		6AB302682AE69D650036DB06 /* SearchScreen.swift */ = {isa = PBXFileReference; lastKnownFileType = sourcecode.swift; path = SearchScreen.swift; sourceTree = "<group>"; };
/* End PBXFileReference section */

/* Begin PBXFrameworksBuildPhase section */
		6A5A13BA2AE1E6EE0041E188 /* Frameworks */ = {
			isa = PBXFrameworksBuildPhase;
			buildActionMask = 2147483647;
			files = (
				6A5509B32AE61080005B48F6 /* FirebaseAnalyticsSwift in Frameworks */,
				6AB3021A2AE611730036DB06 /* FirebaseAuth in Frameworks */,
				6A98A1462AEAF81A0016736E /* NavigationRouter in Frameworks */,
				6AB302262AE614F00036DB06 /* FirebaseStorage in Frameworks */,
				6A5509AF2AE61080005B48F6 /* FirebaseAnalytics in Frameworks */,
				6AB302332AE617A50036DB06 /* Kingfisher in Frameworks */,
				6A5509B12AE61080005B48F6 /* FirebaseAnalyticsOnDeviceConversion in Frameworks */,
				6A5509B72AE61080005B48F6 /* FirebaseAppCheck in Frameworks */,
				6A5509B52AE61080005B48F6 /* FirebaseAnalyticsWithoutAdIdSupport in Frameworks */,
				6AB302222AE614E60036DB06 /* FirebaseFirestore in Frameworks */,
				6AB302242AE614E60036DB06 /* FirebaseFirestoreSwift in Frameworks */,
			);
			runOnlyForDeploymentPostprocessing = 0;
		};
/* End PBXFrameworksBuildPhase section */

/* Begin PBXGroup section */
		6A0A9AE82AE8144900E5318E /* SCREEN */ = {
			isa = PBXGroup;
			children = (
				6A0A9AE92AE8147300E5318E /* Screen.swift */,
				6AB302462AE626C00036DB06 /* EditScreen.swift */,
				6A5A13D02AE1E7130041E188 /* PostScreen.swift */,
				6AB302682AE69D650036DB06 /* SearchScreen.swift */,
				6A5520CE2AE86A3200D11498 /* FeedScreen.swift */,
				6A7064922AE9B00C00B3A2E6 /* MapScreen.swift */,
			);
			path = SCREEN;
			sourceTree = "<group>";
		};
		6A28775A2AE8B7F4007C11E5 /* Extension */ = {
			isa = PBXGroup;
			children = (
				6A5A13DA2AE1E87E0041E188 /* ViewExtensions.swift */,
				6A296DEB2AE726B900C906F0 /* MapExtensions.swift */,
			);
			path = Extension;
			sourceTree = "<group>";
		};
		6A5A13B42AE1E6EE0041E188 = {
			isa = PBXGroup;
			children = (
				6A5A13BF2AE1E6EE0041E188 /* Pangea */,
				6A5A13BE2AE1E6EE0041E188 /* Products */,
				6AB302182AE611730036DB06 /* Frameworks */,
			);
			sourceTree = "<group>";
		};
		6A5A13BE2AE1E6EE0041E188 /* Products */ = {
			isa = PBXGroup;
			children = (
				6A5A13BD2AE1E6EE0041E188 /* Pangea.app */,
			);
			name = Products;
			sourceTree = "<group>";
		};
		6A5A13BF2AE1E6EE0041E188 /* Pangea */ = {
			isa = PBXGroup;
			children = (
				6A7064912AE9939200B3A2E6 /* Info.plist */,
				6A5A13C02AE1E6EE0041E188 /* PangeaApp.swift */,
				6A28775A2AE8B7F4007C11E5 /* Extension */,
				6AB3022C2AE616D40036DB06 /* VIEWMODEL */,
				6AB3022E2AE616ED0036DB06 /* MANAGER */,
				6AB3022D2AE616E30036DB06 /* MODEL */,
				6A0A9AE82AE8144900E5318E /* SCREEN */,
				6AB302272AE616090036DB06 /* VIEW */,
				6A5A13DC2AE1E8940041E188 /* Font */,
				6A5509AB2AE61029005B48F6 /* GoogleService-Info.plist */,
				6A5A13C42AE1E6EE0041E188 /* Assets.xcassets */,
				6A5A13C62AE1E6EE0041E188 /* Preview Content */,
			);
			path = Pangea;
			sourceTree = "<group>";
		};
		6A5A13C62AE1E6EE0041E188 /* Preview Content */ = {
			isa = PBXGroup;
			children = (
				6A5A13C72AE1E6EE0041E188 /* Preview Assets.xcassets */,
			);
			path = "Preview Content";
			sourceTree = "<group>";
		};
		6A5A13DC2AE1E8940041E188 /* Font */ = {
			isa = PBXGroup;
			children = (
				6A5A13DE2AE1E8B20041E188 /* FontManager.swift */,
				6A5A13DD2AE1E8A30041E188 /* Font */,
			);
			path = Font;
			sourceTree = "<group>";
		};
		6A5A13DD2AE1E8A30041E188 /* Font */ = {
			isa = PBXGroup;
			children = (
				6AB302562AE635DE0036DB06 /* arnprior.otf */,
				6AB3024E2AE635720036DB06 /* 13_Misa.TTF */,
				6AB3024C2AE635600036DB06 /* 5curvo.ttf */,
				6AB302502AE635910036DB06 /* Abuela Grillo.ttf */,
				6AB302542AE635CA0036DB06 /* Aerobics.ttf */,
				6AB3025A2AE6362A0036DB06 /* Goolangola-Bold.otf */,
				6AB3025C2AE636730036DB06 /* pallini.ttf */,
				6AB3025E2AE636A10036DB06 /* Orbitronio.ttf */,
				6AB302582AE636200036DB06 /* Goolangola-Light.otf */,
				6AB302602AE636BF0036DB06 /* Trag.ttf */,
				6AB302522AE635A70036DB06 /* almonte.otf */,
				6AB302622AE636D70036DB06 /* Views.ttf */,
			);
			path = Font;
			sourceTree = "<group>";
		};
		6A7FF6592AF1958700D10D9B /* LOCATION */ = {
			isa = PBXGroup;
			children = (
				6A7FF6532AF191C500D10D9B /* LocationView.swift */,
				6A7FF6512AF1917400D10D9B /* LocationInformation.swift */,
				6A7FF6572AF193BA00D10D9B /* MapItemView.swift */,
				6A37823D2AF2D3DE006F4772 /* MapInformation.swift */,
			);
			path = LOCATION;
			sourceTree = "<group>";
		};
		6AB302182AE611730036DB06 /* Frameworks */ = {
			isa = PBXGroup;
			children = (
			);
			name = Frameworks;
			sourceTree = "<group>";
		};
		6AB302272AE616090036DB06 /* VIEW */ = {
			isa = PBXGroup;
			children = (
				6AB302642AE69CCC0036DB06 /* FeedView.swift */,
				6AB302482AE628660036DB06 /* PostItemView.swift */,
				6A7FF6552AF192ED00D10D9B /* PangeaView.swift */,
				6A5A13D82AE1E8220041E188 /* SignUpView.swift */,
				6AB3021B2AE611C00036DB06 /* SignInView.swift */,
				6A5520D02AE86DF400D11498 /* UserInformation.swift */,
				6A7FF6592AF1958700D10D9B /* LOCATION */,
			);
			path = VIEW;
			sourceTree = "<group>";
		};
		6AB3022C2AE616D40036DB06 /* VIEWMODEL */ = {
			isa = PBXGroup;
			children = (
				6AB3021D2AE612060036DB06 /* AuthenticationViewModel.swift */,
				6A5A13D62AE1E80D0041E188 /* PostViewModel.swift */,
				6AB302362AE618290036DB06 /* PostItemViewModel.swift */,
				6AB3023E2AE61DC10036DB06 /* FeedViewModel.swift */,
				6AB302402AE61DED0036DB06 /* EditUserViewModel.swift */,
				6AB302662AE69D4F0036DB06 /* SearchViewModel.swift */,
			);
			path = VIEWMODEL;
			sourceTree = "<group>";
		};
		6AB3022D2AE616E30036DB06 /* MODEL */ = {
			isa = PBXGroup;
			children = (
				6AB302162AE611410036DB06 /* User.swift */,
				6AB302282AE616760036DB06 /* Post.swift */,
			);
			path = MODEL;
			sourceTree = "<group>";
		};
		6AB3022E2AE616ED0036DB06 /* MANAGER */ = {
			isa = PBXGroup;
			children = (
				6AB3021F2AE614AA0036DB06 /* UserManager.swift */,
				6AB3024A2AE62A050036DB06 /* MapManager.swift */,
				6AB3022A2AE616980036DB06 /* PostManager.swift */,
				6AB3022F2AE617860036DB06 /* ImageManager.swift */,
				6AB3023A2AE618DD0036DB06 /* CameraManager.swift */,
				6AB302342AE617B90036DB06 /* ProfileImageManager.swift */,
				6A7064942AE9B18F00B3A2E6 /* LocationManager.swift */,
				6A37823F2AF2F4E7006F4772 /* SearchManager.swift */,
			);
			path = MANAGER;
			sourceTree = "<group>";
		};
/* End PBXGroup section */

/* Begin PBXNativeTarget section */
		6A5A13BC2AE1E6EE0041E188 /* Pangea */ = {
			isa = PBXNativeTarget;
			buildConfigurationList = 6A5A13CB2AE1E6EE0041E188 /* Build configuration list for PBXNativeTarget "Pangea" */;
			buildPhases = (
				6A5A13B92AE1E6EE0041E188 /* Sources */,
				6A5A13BA2AE1E6EE0041E188 /* Frameworks */,
				6A5A13BB2AE1E6EE0041E188 /* Resources */,
			);
			buildRules = (
			);
			dependencies = (
			);
			name = Pangea;
			packageProductDependencies = (
				6A5509AE2AE61080005B48F6 /* FirebaseAnalytics */,
				6A5509B02AE61080005B48F6 /* FirebaseAnalyticsOnDeviceConversion */,
				6A5509B22AE61080005B48F6 /* FirebaseAnalyticsSwift */,
				6A5509B42AE61080005B48F6 /* FirebaseAnalyticsWithoutAdIdSupport */,
				6A5509B62AE61080005B48F6 /* FirebaseAppCheck */,
				6AB302192AE611730036DB06 /* FirebaseAuth */,
				6AB302212AE614E60036DB06 /* FirebaseFirestore */,
				6AB302232AE614E60036DB06 /* FirebaseFirestoreSwift */,
				6AB302252AE614F00036DB06 /* FirebaseStorage */,
				6AB302322AE617A50036DB06 /* Kingfisher */,
				6A98A1452AEAF81A0016736E /* NavigationRouter */,
			);
			productName = Pangea;
			productReference = 6A5A13BD2AE1E6EE0041E188 /* Pangea.app */;
			productType = "com.apple.product-type.application";
		};
/* End PBXNativeTarget section */

/* Begin PBXProject section */
		6A5A13B52AE1E6EE0041E188 /* Project object */ = {
			isa = PBXProject;
			attributes = {
				BuildIndependentTargetsInParallel = 1;
				LastSwiftUpdateCheck = 1500;
				LastUpgradeCheck = 1500;
				TargetAttributes = {
					6A5A13BC2AE1E6EE0041E188 = {
						CreatedOnToolsVersion = 15.0.1;
					};
				};
			};
			buildConfigurationList = 6A5A13B82AE1E6EE0041E188 /* Build configuration list for PBXProject "Pangea" */;
			compatibilityVersion = "Xcode 14.0";
			developmentRegion = en;
			hasScannedForEncodings = 0;
			knownRegions = (
				en,
				Base,
			);
			mainGroup = 6A5A13B42AE1E6EE0041E188;
			packageReferences = (
				6A5509AD2AE61080005B48F6 /* XCRemoteSwiftPackageReference "firebase-ios-sdk" */,
				6AB302312AE617A50036DB06 /* XCRemoteSwiftPackageReference "Kingfisher" */,
				6A98A1442AEAF81A0016736E /* XCRemoteSwiftPackageReference "SwiftUI-Navigation-Router" */,
			);
			productRefGroup = 6A5A13BE2AE1E6EE0041E188 /* Products */;
			projectDirPath = "";
			projectRoot = "";
			targets = (
				6A5A13BC2AE1E6EE0041E188 /* Pangea */,
			);
		};
/* End PBXProject section */

/* Begin PBXResourcesBuildPhase section */
		6A5A13BB2AE1E6EE0041E188 /* Resources */ = {
			isa = PBXResourcesBuildPhase;
			buildActionMask = 2147483647;
			files = (
				6AB302552AE635CA0036DB06 /* Aerobics.ttf in Resources */,
				6AB302512AE635910036DB06 /* Abuela Grillo.ttf in Resources */,
				6AB3024F2AE635720036DB06 /* 13_Misa.TTF in Resources */,
				6AB3025F2AE636A10036DB06 /* Orbitronio.ttf in Resources */,
				6A5A13C82AE1E6EE0041E188 /* Preview Assets.xcassets in Resources */,
				6AB3025D2AE636740036DB06 /* pallini.ttf in Resources */,
				6AB302612AE636BF0036DB06 /* Trag.ttf in Resources */,
				6A5509AC2AE61029005B48F6 /* GoogleService-Info.plist in Resources */,
				6AB302632AE636D70036DB06 /* Views.ttf in Resources */,
				6AB3024D2AE635600036DB06 /* 5curvo.ttf in Resources */,
				6AB3025B2AE6362A0036DB06 /* Goolangola-Bold.otf in Resources */,
				6AB302572AE635DE0036DB06 /* arnprior.otf in Resources */,
				6AB302592AE636200036DB06 /* Goolangola-Light.otf in Resources */,
				6A5A13C52AE1E6EE0041E188 /* Assets.xcassets in Resources */,
				6AB302532AE635A70036DB06 /* almonte.otf in Resources */,
			);
			runOnlyForDeploymentPostprocessing = 0;
		};
/* End PBXResourcesBuildPhase section */

/* Begin PBXSourcesBuildPhase section */
		6A5A13B92AE1E6EE0041E188 /* Sources */ = {
			isa = PBXSourcesBuildPhase;
			buildActionMask = 2147483647;
			files = (
				6AB302652AE69CCC0036DB06 /* FeedView.swift in Sources */,
				6AB3021E2AE612060036DB06 /* AuthenticationViewModel.swift in Sources */,
				6AB302472AE626C00036DB06 /* EditScreen.swift in Sources */,
				6AB3023B2AE618DD0036DB06 /* CameraManager.swift in Sources */,
				6A7FF6522AF1917400D10D9B /* LocationInformation.swift in Sources */,
				6AB302372AE618290036DB06 /* PostItemViewModel.swift in Sources */,
				6AB302302AE617860036DB06 /* ImageManager.swift in Sources */,
				6A5A13DF2AE1E8B20041E188 /* FontManager.swift in Sources */,
				6AB302202AE614AA0036DB06 /* UserManager.swift in Sources */,
				6A5A13DB2AE1E87E0041E188 /* ViewExtensions.swift in Sources */,
				6AB302352AE617B90036DB06 /* ProfileImageManager.swift in Sources */,
				6AB302692AE69D650036DB06 /* SearchScreen.swift in Sources */,
				6A5A13D72AE1E80D0041E188 /* PostViewModel.swift in Sources */,
				6AB302412AE61DED0036DB06 /* EditUserViewModel.swift in Sources */,
				6AB3024B2AE62A050036DB06 /* MapManager.swift in Sources */,
				6A3782402AF2F4E7006F4772 /* SearchManager.swift in Sources */,
				6A7FF6542AF191C600D10D9B /* LocationView.swift in Sources */,
				6AB3021C2AE611C00036DB06 /* SignInView.swift in Sources */,
				6A37823E2AF2D3DE006F4772 /* MapInformation.swift in Sources */,
				6A5520D12AE86DF400D11498 /* UserInformation.swift in Sources */,
				6AB302292AE616760036DB06 /* Post.swift in Sources */,
				6A5A13D92AE1E8220041E188 /* SignUpView.swift in Sources */,
				6AB302672AE69D4F0036DB06 /* SearchViewModel.swift in Sources */,
				6A5A13D12AE1E7130041E188 /* PostScreen.swift in Sources */,
				6AB3023F2AE61DC10036DB06 /* FeedViewModel.swift in Sources */,
				6A7064932AE9B00C00B3A2E6 /* MapScreen.swift in Sources */,
				6A5520CF2AE86A3200D11498 /* FeedScreen.swift in Sources */,
				6AB302492AE628660036DB06 /* PostItemView.swift in Sources */,
				6AB3022B2AE616980036DB06 /* PostManager.swift in Sources */,
				6A7FF6562AF192ED00D10D9B /* PangeaView.swift in Sources */,
				6A296DEC2AE726B900C906F0 /* MapExtensions.swift in Sources */,
				6A7064952AE9B18F00B3A2E6 /* LocationManager.swift in Sources */,
				6A5A13C12AE1E6EE0041E188 /* PangeaApp.swift in Sources */,
				6AB302172AE611410036DB06 /* User.swift in Sources */,
				6A7FF6582AF193BA00D10D9B /* MapItemView.swift in Sources */,
				6A0A9AEA2AE8147300E5318E /* Screen.swift in Sources */,
			);
			runOnlyForDeploymentPostprocessing = 0;
		};
/* End PBXSourcesBuildPhase section */

/* Begin XCBuildConfiguration section */
		6A5A13C92AE1E6EE0041E188 /* Debug */ = {
			isa = XCBuildConfiguration;
			buildSettings = {
				ALWAYS_SEARCH_USER_PATHS = NO;
				ASSETCATALOG_COMPILER_GENERATE_SWIFT_ASSET_SYMBOL_EXTENSIONS = YES;
				CLANG_ANALYZER_NONNULL = YES;
				CLANG_ANALYZER_NUMBER_OBJECT_CONVERSION = YES_AGGRESSIVE;
				CLANG_CXX_LANGUAGE_STANDARD = "gnu++20";
				CLANG_ENABLE_MODULES = YES;
				CLANG_ENABLE_OBJC_ARC = YES;
				CLANG_ENABLE_OBJC_WEAK = YES;
				CLANG_WARN_BLOCK_CAPTURE_AUTORELEASING = YES;
				CLANG_WARN_BOOL_CONVERSION = YES;
				CLANG_WARN_COMMA = YES;
				CLANG_WARN_CONSTANT_CONVERSION = YES;
				CLANG_WARN_DEPRECATED_OBJC_IMPLEMENTATIONS = YES;
				CLANG_WARN_DIRECT_OBJC_ISA_USAGE = YES_ERROR;
				CLANG_WARN_DOCUMENTATION_COMMENTS = YES;
				CLANG_WARN_EMPTY_BODY = YES;
				CLANG_WARN_ENUM_CONVERSION = YES;
				CLANG_WARN_INFINITE_RECURSION = YES;
				CLANG_WARN_INT_CONVERSION = YES;
				CLANG_WARN_NON_LITERAL_NULL_CONVERSION = YES;
				CLANG_WARN_OBJC_IMPLICIT_RETAIN_SELF = YES;
				CLANG_WARN_OBJC_LITERAL_CONVERSION = YES;
				CLANG_WARN_OBJC_ROOT_CLASS = YES_ERROR;
				CLANG_WARN_QUOTED_INCLUDE_IN_FRAMEWORK_HEADER = YES;
				CLANG_WARN_RANGE_LOOP_ANALYSIS = YES;
				CLANG_WARN_STRICT_PROTOTYPES = YES;
				CLANG_WARN_SUSPICIOUS_MOVE = YES;
				CLANG_WARN_UNGUARDED_AVAILABILITY = YES_AGGRESSIVE;
				CLANG_WARN_UNREACHABLE_CODE = YES;
				CLANG_WARN__DUPLICATE_METHOD_MATCH = YES;
				COPY_PHASE_STRIP = NO;
				DEBUG_INFORMATION_FORMAT = dwarf;
				ENABLE_STRICT_OBJC_MSGSEND = YES;
				ENABLE_TESTABILITY = YES;
				ENABLE_USER_SCRIPT_SANDBOXING = YES;
				GCC_C_LANGUAGE_STANDARD = gnu17;
				GCC_DYNAMIC_NO_PIC = NO;
				GCC_NO_COMMON_BLOCKS = YES;
				GCC_OPTIMIZATION_LEVEL = 0;
				GCC_PREPROCESSOR_DEFINITIONS = (
					"DEBUG=1",
					"$(inherited)",
				);
				GCC_WARN_64_TO_32_BIT_CONVERSION = YES;
				GCC_WARN_ABOUT_RETURN_TYPE = YES_ERROR;
				GCC_WARN_UNDECLARED_SELECTOR = YES;
				GCC_WARN_UNINITIALIZED_AUTOS = YES_AGGRESSIVE;
				GCC_WARN_UNUSED_FUNCTION = YES;
				GCC_WARN_UNUSED_VARIABLE = YES;
				IPHONEOS_DEPLOYMENT_TARGET = 17.0;
				LOCALIZATION_PREFERS_STRING_CATALOGS = YES;
				MTL_ENABLE_DEBUG_INFO = INCLUDE_SOURCE;
				MTL_FAST_MATH = YES;
				ONLY_ACTIVE_ARCH = YES;
				SDKROOT = iphoneos;
				SWIFT_ACTIVE_COMPILATION_CONDITIONS = "DEBUG $(inherited)";
				SWIFT_OPTIMIZATION_LEVEL = "-Onone";
			};
			name = Debug;
		};
		6A5A13CA2AE1E6EE0041E188 /* Release */ = {
			isa = XCBuildConfiguration;
			buildSettings = {
				ALWAYS_SEARCH_USER_PATHS = NO;
				ASSETCATALOG_COMPILER_GENERATE_SWIFT_ASSET_SYMBOL_EXTENSIONS = YES;
				CLANG_ANALYZER_NONNULL = YES;
				CLANG_ANALYZER_NUMBER_OBJECT_CONVERSION = YES_AGGRESSIVE;
				CLANG_CXX_LANGUAGE_STANDARD = "gnu++20";
				CLANG_ENABLE_MODULES = YES;
				CLANG_ENABLE_OBJC_ARC = YES;
				CLANG_ENABLE_OBJC_WEAK = YES;
				CLANG_WARN_BLOCK_CAPTURE_AUTORELEASING = YES;
				CLANG_WARN_BOOL_CONVERSION = YES;
				CLANG_WARN_COMMA = YES;
				CLANG_WARN_CONSTANT_CONVERSION = YES;
				CLANG_WARN_DEPRECATED_OBJC_IMPLEMENTATIONS = YES;
				CLANG_WARN_DIRECT_OBJC_ISA_USAGE = YES_ERROR;
				CLANG_WARN_DOCUMENTATION_COMMENTS = YES;
				CLANG_WARN_EMPTY_BODY = YES;
				CLANG_WARN_ENUM_CONVERSION = YES;
				CLANG_WARN_INFINITE_RECURSION = YES;
				CLANG_WARN_INT_CONVERSION = YES;
				CLANG_WARN_NON_LITERAL_NULL_CONVERSION = YES;
				CLANG_WARN_OBJC_IMPLICIT_RETAIN_SELF = YES;
				CLANG_WARN_OBJC_LITERAL_CONVERSION = YES;
				CLANG_WARN_OBJC_ROOT_CLASS = YES_ERROR;
				CLANG_WARN_QUOTED_INCLUDE_IN_FRAMEWORK_HEADER = YES;
				CLANG_WARN_RANGE_LOOP_ANALYSIS = YES;
				CLANG_WARN_STRICT_PROTOTYPES = YES;
				CLANG_WARN_SUSPICIOUS_MOVE = YES;
				CLANG_WARN_UNGUARDED_AVAILABILITY = YES_AGGRESSIVE;
				CLANG_WARN_UNREACHABLE_CODE = YES;
				CLANG_WARN__DUPLICATE_METHOD_MATCH = YES;
				COPY_PHASE_STRIP = NO;
				DEBUG_INFORMATION_FORMAT = "dwarf-with-dsym";
				ENABLE_NS_ASSERTIONS = NO;
				ENABLE_STRICT_OBJC_MSGSEND = YES;
				ENABLE_USER_SCRIPT_SANDBOXING = YES;
				GCC_C_LANGUAGE_STANDARD = gnu17;
				GCC_NO_COMMON_BLOCKS = YES;
				GCC_WARN_64_TO_32_BIT_CONVERSION = YES;
				GCC_WARN_ABOUT_RETURN_TYPE = YES_ERROR;
				GCC_WARN_UNDECLARED_SELECTOR = YES;
				GCC_WARN_UNINITIALIZED_AUTOS = YES_AGGRESSIVE;
				GCC_WARN_UNUSED_FUNCTION = YES;
				GCC_WARN_UNUSED_VARIABLE = YES;
				IPHONEOS_DEPLOYMENT_TARGET = 17.0;
				LOCALIZATION_PREFERS_STRING_CATALOGS = YES;
				MTL_ENABLE_DEBUG_INFO = NO;
				MTL_FAST_MATH = YES;
				SDKROOT = iphoneos;
				SWIFT_COMPILATION_MODE = wholemodule;
				VALIDATE_PRODUCT = YES;
			};
			name = Release;
		};
		6A5A13CC2AE1E6EE0041E188 /* Debug */ = {
			isa = XCBuildConfiguration;
			buildSettings = {
				ASSETCATALOG_COMPILER_APPICON_NAME = AppIcon;
				ASSETCATALOG_COMPILER_GLOBAL_ACCENT_COLOR_NAME = AccentColor;
				CODE_SIGN_STYLE = Automatic;
				CURRENT_PROJECT_VERSION = 1;
				DEVELOPMENT_ASSET_PATHS = "\"Pangea/Preview Content\"";
				DEVELOPMENT_TEAM = YPZBPK9GHS;
				ENABLE_PREVIEWS = YES;
				GENERATE_INFOPLIST_FILE = YES;
				INFOPLIST_FILE = Pangea/Info.plist;
				INFOPLIST_KEY_LSApplicationCategoryType = "";
				INFOPLIST_KEY_NSCameraUsageDescription = "";
				INFOPLIST_KEY_NSLocationUsageDescription = "";
				INFOPLIST_KEY_NSLocationWhenInUseUsageDescription = "";
				INFOPLIST_KEY_UIApplicationSceneManifest_Generation = YES;
				INFOPLIST_KEY_UIApplicationSupportsIndirectInputEvents = YES;
				INFOPLIST_KEY_UILaunchScreen_Generation = YES;
				INFOPLIST_KEY_UISupportedInterfaceOrientations_iPad = "UIInterfaceOrientationPortrait UIInterfaceOrientationPortraitUpsideDown UIInterfaceOrientationLandscapeLeft UIInterfaceOrientationLandscapeRight";
				INFOPLIST_KEY_UISupportedInterfaceOrientations_iPhone = "UIInterfaceOrientationPortrait UIInterfaceOrientationLandscapeLeft UIInterfaceOrientationLandscapeRight";
				LD_RUNPATH_SEARCH_PATHS = (
					"$(inherited)",
					"@executable_path/Frameworks",
				);
				MARKETING_VERSION = 1.0;
				PRODUCT_BUNDLE_IDENTIFIER = com.monark1.lillian.Pangea;
				PRODUCT_NAME = "$(TARGET_NAME)";
				SWIFT_EMIT_LOC_STRINGS = YES;
				SWIFT_VERSION = 5.0;
				TARGETED_DEVICE_FAMILY = "1,2";
			};
			name = Debug;
		};
		6A5A13CD2AE1E6EE0041E188 /* Release */ = {
			isa = XCBuildConfiguration;
			buildSettings = {
				ASSETCATALOG_COMPILER_APPICON_NAME = AppIcon;
				ASSETCATALOG_COMPILER_GLOBAL_ACCENT_COLOR_NAME = AccentColor;
				CODE_SIGN_STYLE = Automatic;
				CURRENT_PROJECT_VERSION = 1;
				DEVELOPMENT_ASSET_PATHS = "\"Pangea/Preview Content\"";
				DEVELOPMENT_TEAM = YPZBPK9GHS;
				ENABLE_PREVIEWS = YES;
				GENERATE_INFOPLIST_FILE = YES;
				INFOPLIST_FILE = Pangea/Info.plist;
				INFOPLIST_KEY_LSApplicationCategoryType = "";
				INFOPLIST_KEY_NSCameraUsageDescription = "";
				INFOPLIST_KEY_NSLocationUsageDescription = "";
				INFOPLIST_KEY_NSLocationWhenInUseUsageDescription = "";
				INFOPLIST_KEY_UIApplicationSceneManifest_Generation = YES;
				INFOPLIST_KEY_UIApplicationSupportsIndirectInputEvents = YES;
				INFOPLIST_KEY_UILaunchScreen_Generation = YES;
				INFOPLIST_KEY_UISupportedInterfaceOrientations_iPad = "UIInterfaceOrientationPortrait UIInterfaceOrientationPortraitUpsideDown UIInterfaceOrientationLandscapeLeft UIInterfaceOrientationLandscapeRight";
				INFOPLIST_KEY_UISupportedInterfaceOrientations_iPhone = "UIInterfaceOrientationPortrait UIInterfaceOrientationLandscapeLeft UIInterfaceOrientationLandscapeRight";
				LD_RUNPATH_SEARCH_PATHS = (
					"$(inherited)",
					"@executable_path/Frameworks",
				);
				MARKETING_VERSION = 1.0;
				PRODUCT_BUNDLE_IDENTIFIER = com.monark1.lillian.Pangea;
				PRODUCT_NAME = "$(TARGET_NAME)";
				SWIFT_EMIT_LOC_STRINGS = YES;
				SWIFT_VERSION = 5.0;
				TARGETED_DEVICE_FAMILY = "1,2";
			};
			name = Release;
		};
/* End XCBuildConfiguration section */

/* Begin XCConfigurationList section */
		6A5A13B82AE1E6EE0041E188 /* Build configuration list for PBXProject "Pangea" */ = {
			isa = XCConfigurationList;
			buildConfigurations = (
				6A5A13C92AE1E6EE0041E188 /* Debug */,
				6A5A13CA2AE1E6EE0041E188 /* Release */,
			);
			defaultConfigurationIsVisible = 0;
			defaultConfigurationName = Release;
		};
		6A5A13CB2AE1E6EE0041E188 /* Build configuration list for PBXNativeTarget "Pangea" */ = {
			isa = XCConfigurationList;
			buildConfigurations = (
				6A5A13CC2AE1E6EE0041E188 /* Debug */,
				6A5A13CD2AE1E6EE0041E188 /* Release */,
			);
			defaultConfigurationIsVisible = 0;
			defaultConfigurationName = Release;
		};
/* End XCConfigurationList section */

/* Begin XCRemoteSwiftPackageReference section */
		6A5509AD2AE61080005B48F6 /* XCRemoteSwiftPackageReference "firebase-ios-sdk" */ = {
			isa = XCRemoteSwiftPackageReference;
			repositoryURL = "https://github.com/firebase/firebase-ios-sdk";
			requirement = {
				kind = upToNextMajorVersion;
				minimumVersion = 10.16.0;
			};
		};
		6A98A1442AEAF81A0016736E /* XCRemoteSwiftPackageReference "SwiftUI-Navigation-Router" */ = {
			isa = XCRemoteSwiftPackageReference;
			repositoryURL = "https://github.com/Lukas-Simonson/SwiftUI-Navigation-Router";
			requirement = {
				branch = main;
				kind = branch;
			};
		};
		6AB302312AE617A50036DB06 /* XCRemoteSwiftPackageReference "Kingfisher" */ = {
			isa = XCRemoteSwiftPackageReference;
			repositoryURL = "https://github.com/onevcat/Kingfisher.git";
			requirement = {
				kind = upToNextMajorVersion;
				minimumVersion = 7.9.1;
			};
		};
/* End XCRemoteSwiftPackageReference section */

/* Begin XCSwiftPackageProductDependency section */
		6A5509AE2AE61080005B48F6 /* FirebaseAnalytics */ = {
			isa = XCSwiftPackageProductDependency;
			package = 6A5509AD2AE61080005B48F6 /* XCRemoteSwiftPackageReference "firebase-ios-sdk" */;
			productName = FirebaseAnalytics;
		};
		6A5509B02AE61080005B48F6 /* FirebaseAnalyticsOnDeviceConversion */ = {
			isa = XCSwiftPackageProductDependency;
			package = 6A5509AD2AE61080005B48F6 /* XCRemoteSwiftPackageReference "firebase-ios-sdk" */;
			productName = FirebaseAnalyticsOnDeviceConversion;
		};
		6A5509B22AE61080005B48F6 /* FirebaseAnalyticsSwift */ = {
			isa = XCSwiftPackageProductDependency;
			package = 6A5509AD2AE61080005B48F6 /* XCRemoteSwiftPackageReference "firebase-ios-sdk" */;
			productName = FirebaseAnalyticsSwift;
		};
		6A5509B42AE61080005B48F6 /* FirebaseAnalyticsWithoutAdIdSupport */ = {
			isa = XCSwiftPackageProductDependency;
			package = 6A5509AD2AE61080005B48F6 /* XCRemoteSwiftPackageReference "firebase-ios-sdk" */;
			productName = FirebaseAnalyticsWithoutAdIdSupport;
		};
		6A5509B62AE61080005B48F6 /* FirebaseAppCheck */ = {
			isa = XCSwiftPackageProductDependency;
			package = 6A5509AD2AE61080005B48F6 /* XCRemoteSwiftPackageReference "firebase-ios-sdk" */;
			productName = FirebaseAppCheck;
		};
		6A98A1452AEAF81A0016736E /* NavigationRouter */ = {
			isa = XCSwiftPackageProductDependency;
			package = 6A98A1442AEAF81A0016736E /* XCRemoteSwiftPackageReference "SwiftUI-Navigation-Router" */;
			productName = NavigationRouter;
		};
		6AB302192AE611730036DB06 /* FirebaseAuth */ = {
			isa = XCSwiftPackageProductDependency;
			package = 6A5509AD2AE61080005B48F6 /* XCRemoteSwiftPackageReference "firebase-ios-sdk" */;
			productName = FirebaseAuth;
		};
		6AB302212AE614E60036DB06 /* FirebaseFirestore */ = {
			isa = XCSwiftPackageProductDependency;
			package = 6A5509AD2AE61080005B48F6 /* XCRemoteSwiftPackageReference "firebase-ios-sdk" */;
			productName = FirebaseFirestore;
		};
		6AB302232AE614E60036DB06 /* FirebaseFirestoreSwift */ = {
			isa = XCSwiftPackageProductDependency;
			package = 6A5509AD2AE61080005B48F6 /* XCRemoteSwiftPackageReference "firebase-ios-sdk" */;
			productName = FirebaseFirestoreSwift;
		};
		6AB302252AE614F00036DB06 /* FirebaseStorage */ = {
			isa = XCSwiftPackageProductDependency;
			package = 6A5509AD2AE61080005B48F6 /* XCRemoteSwiftPackageReference "firebase-ios-sdk" */;
			productName = FirebaseStorage;
		};
		6AB302322AE617A50036DB06 /* Kingfisher */ = {
			isa = XCSwiftPackageProductDependency;
			package = 6AB302312AE617A50036DB06 /* XCRemoteSwiftPackageReference "Kingfisher" */;
			productName = Kingfisher;
		};
/* End XCSwiftPackageProductDependency section */
	};
	rootObject = 6A5A13B52AE1E6EE0041E188 /* Project object */;
}
